
Microsoft Visual Studio Solution File, Format Version 12.00
# Visual Studio 15
VisualStudioVersion = 15.0.28010.2048
MinimumVisualStudioVersion = 10.0.40219.1
Project("{FAE04EC0-301F-11D3-BF4B-00C04F79EFBC}") = "MachineLearningTrainer", "MachineLearningTrainer\MachineLearningTrainer.csproj", "{8E5C47CC-99F4-48A6-B660-32E609184165}"
EndProject
Project("{54435603-DBB4-11D2-8724-00A0C9A8B90C}") = "MachineLearningTrainer Setup", "MachineLearningTrainer Setup\MachineLearningTrainer Setup.vdproj", "{F347F3FA-1162-4686-9296-268AE2F00B70}"
EndProject
Project("{FAE04EC0-301F-11D3-BF4B-00C04F79EFBC}") = "LicensingWindow", "LicensingWindow\LicensingWindow.csproj", "{332615A4-5C28-40A4-8F54-CA2730B19ACF}"
EndProject
Project("{54435603-DBB4-11D2-8724-00A0C9A8B90C}") = "AnnotationTool", "AnnotationTool\AnnotationTool.vdproj", "{B48F7684-F737-4881-8673-43CC920A00CD}"
EndProject
Global
	GlobalSection(SolutionConfigurationPlatforms) = preSolution
		Debug|Any CPU = Debug|Any CPU
		Release|Any CPU = Release|Any CPU
	EndGlobalSection
	GlobalSection(ProjectConfigurationPlatforms) = postSolution
		{8E5C47CC-99F4-48A6-B660-32E609184165}.Debug|Any CPU.ActiveCfg = Debug|Any CPU
		{8E5C47CC-99F4-48A6-B660-32E609184165}.Debug|Any CPU.Build.0 = Debug|Any CPU
		{8E5C47CC-99F4-48A6-B660-32E609184165}.Release|Any CPU.ActiveCfg = Release|Any CPU
		{8E5C47CC-99F4-48A6-B660-32E609184165}.Release|Any CPU.Build.0 = Release|Any CPU
		{F347F3FA-1162-4686-9296-268AE2F00B70}.Debug|Any CPU.ActiveCfg = Debug
		{F347F3FA-1162-4686-9296-268AE2F00B70}.Release|Any CPU.ActiveCfg = Release
		{332615A4-5C28-40A4-8F54-CA2730B19ACF}.Debug|Any CPU.ActiveCfg = Debug|Any CPU
		{332615A4-5C28-40A4-8F54-CA2730B19ACF}.Debug|Any CPU.Build.0 = Debug|Any CPU
		{332615A4-5C28-40A4-8F54-CA2730B19ACF}.Release|Any CPU.ActiveCfg = Release|Any CPU
		{332615A4-5C28-40A4-8F54-CA2730B19ACF}.Release|Any CPU.Build.0 = Release|Any CPU
		{B48F7684-F737-4881-8673-43CC920A00CD}.Debug|Any CPU.ActiveCfg = Debug
		{B48F7684-F737-4881-8673-43CC920A00CD}.Debug|Any CPU.Build.0 = Debug
		{B48F7684-F737-4881-8673-43CC920A00CD}.Release|Any CPU.ActiveCfg = Release
		{B48F7684-F737-4881-8673-43CC920A00CD}.Release|Any CPU.Build.0 = Release
	EndGlobalSection
	GlobalSection(SolutionProperties) = preSolution
		HideSolutionNode = FALSE
	EndGlobalSection
	GlobalSection(ExtensibilityGlobals) = postSolution
		SolutionGuid = {05C8B2ED-5319-4655-A94A-A165C392C04A}
	EndGlobalSection
EndGlobal
